
Microsoft Visual Studio Solution File, Format Version 12.00
# Visual Studio 15
VisualStudioVersion = 15.0.27004.2006
MinimumVisualStudioVersion = 10.0.40219.1
Project("{888888A0-9F3D-457C-B088-3A5042F75D52}") = "cnn", "cnn.pyproj", "{AB721D1B-9623-4D58-88D6-DACC02492DA6}"
EndProject
Global
	GlobalSection(SolutionConfigurationPlatforms) = preSolution
		Debug|Any CPU = Debug|Any CPU
		Release|Any CPU = Release|Any CPU
	EndGlobalSection
	GlobalSection(ProjectConfigurationPlatforms) = postSolution
		{AB721D1B-9623-4D58-88D6-DACC02492DA6}.Debug|Any CPU.ActiveCfg = Debug|Any CPU
		{AB721D1B-9623-4D58-88D6-DACC02492DA6}.Release|Any CPU.ActiveCfg = Release|Any CPU
	EndGlobalSection
	GlobalSection(SolutionProperties) = preSolution
		HideSolutionNode = FALSE
	EndGlobalSection
	GlobalSection(ExtensibilityGlobals) = postSolution
		SolutionGuid = {0058033B-F832-4AD2-9791-36E7B2E8502E}
	EndGlobalSection
EndGlobal
